// !$*UTF8*$!
{
	archiveVersion = 1;
	classes = {
	};
	objectVersion = 77;
	objects = {

/* Begin PBXContainerItemProxy section */
		F86E414E2DB4D40B00164422 /* PBXContainerItemProxy */ = {
			isa = PBXContainerItemProxy;
			containerPortal = F86E41352DB4D40A00164422 /* Project object */;
			proxyType = 1;
			remoteGlobalIDString = F86E413C2DB4D40A00164422;
			remoteInfo = "ios-coin-pedia-swiftui";
		};
		F86E41582DB4D40B00164422 /* PBXContainerItemProxy */ = {
			isa = PBXContainerItemProxy;
			containerPortal = F86E41352DB4D40A00164422 /* Project object */;
			proxyType = 1;
			remoteGlobalIDString = F86E413C2DB4D40A00164422;
			remoteInfo = "ios-coin-pedia-swiftui";
		};
/* End PBXContainerItemProxy section */

/* Begin PBXFileReference section */
		F86E413D2DB4D40A00164422 /* ios-coin-pedia-swiftui.app */ = {isa = PBXFileReference; explicitFileType = wrapper.application; includeInIndex = 0; path = "ios-coin-pedia-swiftui.app"; sourceTree = BUILT_PRODUCTS_DIR; };
		F86E414D2DB4D40B00164422 /* ios-coin-pedia-swiftuiTests.xctest */ = {isa = PBXFileReference; explicitFileType = wrapper.cfbundle; includeInIndex = 0; path = "ios-coin-pedia-swiftuiTests.xctest"; sourceTree = BUILT_PRODUCTS_DIR; };
		F86E41572DB4D40B00164422 /* ios-coin-pedia-swiftuiUITests.xctest */ = {isa = PBXFileReference; explicitFileType = wrapper.cfbundle; includeInIndex = 0; path = "ios-coin-pedia-swiftuiUITests.xctest"; sourceTree = BUILT_PRODUCTS_DIR; };
/* End PBXFileReference section */

/* Begin PBXFileSystemSynchronizedRootGroup section */
		F86E413F2DB4D40A00164422 /* ios-coin-pedia-swiftui */ = {
			isa = PBXFileSystemSynchronizedRootGroup;
			path = "ios-coin-pedia-swiftui";
			sourceTree = "<group>";
		};
		F86E41502DB4D40B00164422 /* ios-coin-pedia-swiftuiTests */ = {
			isa = PBXFileSystemSynchronizedRootGroup;
			path = "ios-coin-pedia-swiftuiTests";
			sourceTree = "<group>";
		};
		F86E415A2DB4D40B00164422 /* ios-coin-pedia-swiftuiUITests */ = {
			isa = PBXFileSystemSynchronizedRootGroup;
			path = "ios-coin-pedia-swiftuiUITests";
			sourceTree = "<group>";
		};
/* End PBXFileSystemSynchronizedRootGroup section */

/* Begin PBXFrameworksBuildPhase section */
		F86E413A2DB4D40A00164422 /* Frameworks */ = {
			isa = PBXFrameworksBuildPhase;
			buildActionMask = 2147483647;
			files = (
			);
			runOnlyForDeploymentPostprocessing = 0;
		};
		F86E414A2DB4D40B00164422 /* Frameworks */ = {
			isa = PBXFrameworksBuildPhase;
			buildActionMask = 2147483647;
			files = (
			);
			runOnlyForDeploymentPostprocessing = 0;
		};
		F86E41542DB4D40B00164422 /* Frameworks */ = {
			isa = PBXFrameworksBuildPhase;
			buildActionMask = 2147483647;
			files = (
			);
			runOnlyForDeploymentPostprocessing = 0;
		};
/* End PBXFrameworksBuildPhase section */

/* Begin PBXGroup section */
		F86E41342DB4D40A00164422 = {
			isa = PBXGroup;
			children = (
				F86E413F2DB4D40A00164422 /* ios-coin-pedia-swiftui */,
				F86E41502DB4D40B00164422 /* ios-coin-pedia-swiftuiTests */,
				F86E415A2DB4D40B00164422 /* ios-coin-pedia-swiftuiUITests */,
				F86E413E2DB4D40A00164422 /* Products */,
			);
			sourceTree = "<group>";
		};
		F86E413E2DB4D40A00164422 /* Products */ = {
			isa = PBXGroup;
			children = (
				F86E413D2DB4D40A00164422 /* ios-coin-pedia-swiftui.app */,
				F86E414D2DB4D40B00164422 /* ios-coin-pedia-swiftuiTests.xctest */,
				F86E41572DB4D40B00164422 /* ios-coin-pedia-swiftuiUITests.xctest */,
			);
			name = Products;
			sourceTree = "<group>";
		};
/* End PBXGroup section */

/* Begin PBXNativeTarget section */
		F86E413C2DB4D40A00164422 /* ios-coin-pedia-swiftui */ = {
			isa = PBXNativeTarget;
			buildConfigurationList = F86E41612DB4D40B00164422 /* Build configuration list for PBXNativeTarget "ios-coin-pedia-swiftui" */;
			buildPhases = (
				F86E41392DB4D40A00164422 /* Sources */,
				F86E413A2DB4D40A00164422 /* Frameworks */,
				F86E413B2DB4D40A00164422 /* Resources */,
			);
			buildRules = (
			);
			dependencies = (
			);
			fileSystemSynchronizedGroups = (
				F86E413F2DB4D40A00164422 /* ios-coin-pedia-swiftui */,
			);
			name = "ios-coin-pedia-swiftui";
			packageProductDependencies = (
			);
			productName = "ios-coin-pedia-swiftui";
			productReference = F86E413D2DB4D40A00164422 /* ios-coin-pedia-swiftui.app */;
			productType = "com.apple.product-type.application";
		};
		F86E414C2DB4D40B00164422 /* ios-coin-pedia-swiftuiTests */ = {
			isa = PBXNativeTarget;
			buildConfigurationList = F86E41642DB4D40B00164422 /* Build configuration list for PBXNativeTarget "ios-coin-pedia-swiftuiTests" */;
			buildPhases = (
				F86E41492DB4D40B00164422 /* Sources */,
				F86E414A2DB4D40B00164422 /* Frameworks */,
				F86E414B2DB4D40B00164422 /* Resources */,
			);
			buildRules = (
			);
			dependencies = (
				F86E414F2DB4D40B00164422 /* PBXTargetDependency */,
			);
			fileSystemSynchronizedGroups = (
				F86E41502DB4D40B00164422 /* ios-coin-pedia-swiftuiTests */,
			);
			name = "ios-coin-pedia-swiftuiTests";
			packageProductDependencies = (
			);
			productName = "ios-coin-pedia-swiftuiTests";
			productReference = F86E414D2DB4D40B00164422 /* ios-coin-pedia-swiftuiTests.xctest */;
			productType = "com.apple.product-type.bundle.unit-test";
		};
		F86E41562DB4D40B00164422 /* ios-coin-pedia-swiftuiUITests */ = {
			isa = PBXNativeTarget;
			buildConfigurationList = F86E41672DB4D40B00164422 /* Build configuration list for PBXNativeTarget "ios-coin-pedia-swiftuiUITests" */;
			buildPhases = (
				F86E41532DB4D40B00164422 /* Sources */,
				F86E41542DB4D40B00164422 /* Frameworks */,
				F86E41552DB4D40B00164422 /* Resources */,
			);
			buildRules = (
			);
			dependencies = (
				F86E41592DB4D40B00164422 /* PBXTargetDependency */,
			);
			fileSystemSynchronizedGroups = (
				F86E415A2DB4D40B00164422 /* ios-coin-pedia-swiftuiUITests */,
			);
			name = "ios-coin-pedia-swiftuiUITests";
			packageProductDependencies = (
			);
			productName = "ios-coin-pedia-swiftuiUITests";
			productReference = F86E41572DB4D40B00164422 /* ios-coin-pedia-swiftuiUITests.xctest */;
			productType = "com.apple.product-type.bundle.ui-testing";
		};
/* End PBXNativeTarget section */

/* Begin PBXProject section */
		F86E41352DB4D40A00164422 /* Project object */ = {
			isa = PBXProject;
			attributes = {
				BuildIndependentTargetsInParallel = 1;
				LastSwiftUpdateCheck = 1620;
				LastUpgradeCheck = 1620;
				TargetAttributes = {
					F86E413C2DB4D40A00164422 = {
						CreatedOnToolsVersion = 16.2;
					};
					F86E414C2DB4D40B00164422 = {
						CreatedOnToolsVersion = 16.2;
						TestTargetID = F86E413C2DB4D40A00164422;
					};
					F86E41562DB4D40B00164422 = {
						CreatedOnToolsVersion = 16.2;
						TestTargetID = F86E413C2DB4D40A00164422;
					};
				};
			};
			buildConfigurationList = F86E41382DB4D40A00164422 /* Build configuration list for PBXProject "ios-coin-pedia-swiftui" */;
			developmentRegion = en;
			hasScannedForEncodings = 0;
			knownRegions = (
				en,
				Base,
			);
			mainGroup = F86E41342DB4D40A00164422;
			minimizedProjectReferenceProxies = 1;
			preferredProjectObjectVersion = 77;
			productRefGroup = F86E413E2DB4D40A00164422 /* Products */;
			projectDirPath = "";
			projectRoot = "";
			targets = (
				F86E413C2DB4D40A00164422 /* ios-coin-pedia-swiftui */,
				F86E414C2DB4D40B00164422 /* ios-coin-pedia-swiftuiTests */,
				F86E41562DB4D40B00164422 /* ios-coin-pedia-swiftuiUITests */,
			);
		};
/* End PBXProject section */

/* Begin PBXResourcesBuildPhase section */
		F86E413B2DB4D40A00164422 /* Resources */ = {
			isa = PBXResourcesBuildPhase;
			buildActionMask = 2147483647;
			files = (
			);
			runOnlyForDeploymentPostprocessing = 0;
		};
		F86E414B2DB4D40B00164422 /* Resources */ = {
			isa = PBXResourcesBuildPhase;
			buildActionMask = 2147483647;
			files = (
			);
			runOnlyForDeploymentPostprocessing = 0;
		};
		F86E41552DB4D40B00164422 /* Resources */ = {
			isa = PBXResourcesBuildPhase;
			buildActionMask = 2147483647;
			files = (
			);
			runOnlyForDeploymentPostprocessing = 0;
		};
/* End PBXResourcesBuildPhase section */

/* Begin PBXSourcesBuildPhase section */
		F86E41392DB4D40A00164422 /* Sources */ = {
			isa = PBXSourcesBuildPhase;
			buildActionMask = 2147483647;
			files = (
			);
			runOnlyForDeploymentPostprocessing = 0;
		};
		F86E41492DB4D40B00164422 /* Sources */ = {
			isa = PBXSourcesBuildPhase;
			buildActionMask = 2147483647;
			files = (
			);
			runOnlyForDeploymentPostprocessing = 0;
		};
		F86E41532DB4D40B00164422 /* Sources */ = {
			isa = PBXSourcesBuildPhase;
			buildActionMask = 2147483647;
			files = (
			);
			runOnlyForDeploymentPostprocessing = 0;
		};
/* End PBXSourcesBuildPhase section */

/* Begin PBXTargetDependency section */
		F86E414F2DB4D40B00164422 /* PBXTargetDependency */ = {
			isa = PBXTargetDependency;
			target = F86E413C2DB4D40A00164422 /* ios-coin-pedia-swiftui */;
			targetProxy = F86E414E2DB4D40B00164422 /* PBXContainerItemProxy */;
		};
		F86E41592DB4D40B00164422 /* PBXTargetDependency */ = {
			isa = PBXTargetDependency;
			target = F86E413C2DB4D40A00164422 /* ios-coin-pedia-swiftui */;
			targetProxy = F86E41582DB4D40B00164422 /* PBXContainerItemProxy */;
		};
/* End PBXTargetDependency section */

/* Begin XCBuildConfiguration section */
		F86E415F2DB4D40B00164422 /* Debug */ = {
			isa = XCBuildConfiguration;
			buildSettings = {
				ALWAYS_SEARCH_USER_PATHS = NO;
				ASSETCATALOG_COMPILER_GENERATE_SWIFT_ASSET_SYMBOL_EXTENSIONS = YES;
				CLANG_ANALYZER_NONNULL = YES;
				CLANG_ANALYZER_NUMBER_OBJECT_CONVERSION = YES_AGGRESSIVE;
				CLANG_CXX_LANGUAGE_STANDARD = "gnu++20";
				CLANG_ENABLE_MODULES = YES;
				CLANG_ENABLE_OBJC_ARC = YES;
				CLANG_ENABLE_OBJC_WEAK = YES;
				CLANG_WARN_BLOCK_CAPTURE_AUTORELEASING = YES;
				CLANG_WARN_BOOL_CONVERSION = YES;
				CLANG_WARN_COMMA = YES;
				CLANG_WARN_CONSTANT_CONVERSION = YES;
				CLANG_WARN_DEPRECATED_OBJC_IMPLEMENTATIONS = YES;
				CLANG_WARN_DIRECT_OBJC_ISA_USAGE = YES_ERROR;
				CLANG_WARN_DOCUMENTATION_COMMENTS = YES;
				CLANG_WARN_EMPTY_BODY = YES;
				CLANG_WARN_ENUM_CONVERSION = YES;
				CLANG_WARN_INFINITE_RECURSION = YES;
				CLANG_WARN_INT_CONVERSION = YES;
				CLANG_WARN_NON_LITERAL_NULL_CONVERSION = YES;
				CLANG_WARN_OBJC_IMPLICIT_RETAIN_SELF = YES;
				CLANG_WARN_OBJC_LITERAL_CONVERSION = YES;
				CLANG_WARN_OBJC_ROOT_CLASS = YES_ERROR;
				CLANG_WARN_QUOTED_INCLUDE_IN_FRAMEWORK_HEADER = YES;
				CLANG_WARN_RANGE_LOOP_ANALYSIS = YES;
				CLANG_WARN_STRICT_PROTOTYPES = YES;
				CLANG_WARN_SUSPICIOUS_MOVE = YES;
				CLANG_WARN_UNGUARDED_AVAILABILITY = YES_AGGRESSIVE;
				CLANG_WARN_UNREACHABLE_CODE = YES;
				CLANG_WARN__DUPLICATE_METHOD_MATCH = YES;
				COPY_PHASE_STRIP = NO;
				DEBUG_INFORMATION_FORMAT = dwarf;
				ENABLE_STRICT_OBJC_MSGSEND = YES;
				ENABLE_TESTABILITY = YES;
				ENABLE_USER_SCRIPT_SANDBOXING = YES;
				GCC_C_LANGUAGE_STANDARD = gnu17;
				GCC_DYNAMIC_NO_PIC = NO;
				GCC_NO_COMMON_BLOCKS = YES;
				GCC_OPTIMIZATION_LEVEL = 0;
				GCC_PREPROCESSOR_DEFINITIONS = (
					"DEBUG=1",
					"$(inherited)",
				);
				GCC_WARN_64_TO_32_BIT_CONVERSION = YES;
				GCC_WARN_ABOUT_RETURN_TYPE = YES_ERROR;
				GCC_WARN_UNDECLARED_SELECTOR = YES;
				GCC_WARN_UNINITIALIZED_AUTOS = YES_AGGRESSIVE;
				GCC_WARN_UNUSED_FUNCTION = YES;
				GCC_WARN_UNUSED_VARIABLE = YES;
				IPHONEOS_DEPLOYMENT_TARGET = 18.2;
				LOCALIZATION_PREFERS_STRING_CATALOGS = YES;
				MTL_ENABLE_DEBUG_INFO = INCLUDE_SOURCE;
				MTL_FAST_MATH = YES;
				ONLY_ACTIVE_ARCH = YES;
				SDKROOT = iphoneos;
				SWIFT_ACTIVE_COMPILATION_CONDITIONS = "DEBUG $(inherited)";
				SWIFT_OPTIMIZATION_LEVEL = "-Onone";
			};
			name = Debug;
		};
		F86E41602DB4D40B00164422 /* Release */ = {
			isa = XCBuildConfiguration;
			buildSettings = {
				ALWAYS_SEARCH_USER_PATHS = NO;
				ASSETCATALOG_COMPILER_GENERATE_SWIFT_ASSET_SYMBOL_EXTENSIONS = YES;
				CLANG_ANALYZER_NONNULL = YES;
				CLANG_ANALYZER_NUMBER_OBJECT_CONVERSION = YES_AGGRESSIVE;
				CLANG_CXX_LANGUAGE_STANDARD = "gnu++20";
				CLANG_ENABLE_MODULES = YES;
				CLANG_ENABLE_OBJC_ARC = YES;
				CLANG_ENABLE_OBJC_WEAK = YES;
				CLANG_WARN_BLOCK_CAPTURE_AUTORELEASING = YES;
				CLANG_WARN_BOOL_CONVERSION = YES;
				CLANG_WARN_COMMA = YES;
				CLANG_WARN_CONSTANT_CONVERSION = YES;
				CLANG_WARN_DEPRECATED_OBJC_IMPLEMENTATIONS = YES;
				CLANG_WARN_DIRECT_OBJC_ISA_USAGE = YES_ERROR;
				CLANG_WARN_DOCUMENTATION_COMMENTS = YES;
				CLANG_WARN_EMPTY_BODY = YES;
				CLANG_WARN_ENUM_CONVERSION = YES;
				CLANG_WARN_INFINITE_RECURSION = YES;
				CLANG_WARN_INT_CONVERSION = YES;
				CLANG_WARN_NON_LITERAL_NULL_CONVERSION = YES;
				CLANG_WARN_OBJC_IMPLICIT_RETAIN_SELF = YES;
				CLANG_WARN_OBJC_LITERAL_CONVERSION = YES;
				CLANG_WARN_OBJC_ROOT_CLASS = YES_ERROR;
				CLANG_WARN_QUOTED_INCLUDE_IN_FRAMEWORK_HEADER = YES;
				CLANG_WARN_RANGE_LOOP_ANALYSIS = YES;
				CLANG_WARN_STRICT_PROTOTYPES = YES;
				CLANG_WARN_SUSPICIOUS_MOVE = YES;
				CLANG_WARN_UNGUARDED_AVAILABILITY = YES_AGGRESSIVE;
				CLANG_WARN_UNREACHABLE_CODE = YES;
				CLANG_WARN__DUPLICATE_METHOD_MATCH = YES;
				COPY_PHASE_STRIP = NO;
				DEBUG_INFORMATION_FORMAT = "dwarf-with-dsym";
				ENABLE_NS_ASSERTIONS = NO;
				ENABLE_STRICT_OBJC_MSGSEND = YES;
				ENABLE_USER_SCRIPT_SANDBOXING = YES;
				GCC_C_LANGUAGE_STANDARD = gnu17;
				GCC_NO_COMMON_BLOCKS = YES;
				GCC_WARN_64_TO_32_BIT_CONVERSION = YES;
				GCC_WARN_ABOUT_RETURN_TYPE = YES_ERROR;
				GCC_WARN_UNDECLARED_SELECTOR = YES;
				GCC_WARN_UNINITIALIZED_AUTOS = YES_AGGRESSIVE;
				GCC_WARN_UNUSED_FUNCTION = YES;
				GCC_WARN_UNUSED_VARIABLE = YES;
				IPHONEOS_DEPLOYMENT_TARGET = 18.2;
				LOCALIZATION_PREFERS_STRING_CATALOGS = YES;
				MTL_ENABLE_DEBUG_INFO = NO;
				MTL_FAST_MATH = YES;
				SDKROOT = iphoneos;
				SWIFT_COMPILATION_MODE = wholemodule;
				VALIDATE_PRODUCT = YES;
			};
			name = Release;
		};
		F86E41622DB4D40B00164422 /* Debug */ = {
			isa = XCBuildConfiguration;
			buildSettings = {
				ASSETCATALOG_COMPILER_APPICON_NAME = AppIcon;
				ASSETCATALOG_COMPILER_GLOBAL_ACCENT_COLOR_NAME = AccentColor;
				CODE_SIGN_STYLE = Automatic;
				CURRENT_PROJECT_VERSION = 1;
				DEVELOPMENT_ASSET_PATHS = "\"ios-coin-pedia-swiftui/Preview Content\"";
				DEVELOPMENT_TEAM = PFCLKWG38B;
				ENABLE_PREVIEWS = YES;
				GENERATE_INFOPLIST_FILE = YES;
				INFOPLIST_KEY_CFBundleDisplayName = "구현";
				INFOPLIST_KEY_UIApplicationSceneManifest_Generation = YES;
				INFOPLIST_KEY_UIApplicationSupportsIndirectInputEvents = YES;
				INFOPLIST_KEY_UILaunchScreen_Generation = YES;
				INFOPLIST_KEY_UIStatusBarStyle = UIStatusBarStyleLightContent;
				INFOPLIST_KEY_UISupportedInterfaceOrientations = UIInterfaceOrientationPortrait;
				INFOPLIST_KEY_UISupportedInterfaceOrientations_iPad = "UIInterfaceOrientationLandscapeLeft UIInterfaceOrientationLandscapeRight UIInterfaceOrientationPortrait UIInterfaceOrientationPortraitUpsideDown";
				IPHONEOS_DEPLOYMENT_TARGET = 16.0;
				LD_RUNPATH_SEARCH_PATHS = (
					"$(inherited)",
					"@executable_path/Frameworks",
				);
				MARKETING_VERSION = 1.0;
				PRODUCT_BUNDLE_IDENTIFIER = "com.hgoo.ios-coin-pedia-swiftui";
				PRODUCT_NAME = "$(TARGET_NAME)";
				SUPPORTED_PLATFORMS = "iphoneos iphonesimulator";
				SUPPORTS_MACCATALYST = NO;
				SUPPORTS_MAC_DESIGNED_FOR_IPHONE_IPAD = NO;
				SUPPORTS_XR_DESIGNED_FOR_IPHONE_IPAD = NO;
				SWIFT_EMIT_LOC_STRINGS = YES;
				SWIFT_VERSION = 5.0;
				TARGETED_DEVICE_FAMILY = 1;
			};
			name = Debug;
		};
		F86E41632DB4D40B00164422 /* Release */ = {
			isa = XCBuildConfiguration;
			buildSettings = {
				ASSETCATALOG_COMPILER_APPICON_NAME = AppIcon;
				ASSETCATALOG_COMPILER_GLOBAL_ACCENT_COLOR_NAME = AccentColor;
				CODE_SIGN_STYLE = Automatic;
				CURRENT_PROJECT_VERSION = 1;
				DEVELOPMENT_ASSET_PATHS = "\"ios-coin-pedia-swiftui/Preview Content\"";
				DEVELOPMENT_TEAM = PFCLKWG38B;
				ENABLE_PREVIEWS = YES;
				GENERATE_INFOPLIST_FILE = YES;
				INFOPLIST_KEY_CFBundleDisplayName = "구현";
				INFOPLIST_KEY_UIApplicationSceneManifest_Generation = YES;
				INFOPLIST_KEY_UIApplicationSupportsIndirectInputEvents = YES;
				INFOPLIST_KEY_UILaunchScreen_Generation = YES;
				INFOPLIST_KEY_UIStatusBarStyle = UIStatusBarStyleLightContent;
				INFOPLIST_KEY_UISupportedInterfaceOrientations = UIInterfaceOrientationPortrait;
				INFOPLIST_KEY_UISupportedInterfaceOrientations_iPad = "UIInterfaceOrientationLandscapeLeft UIInterfaceOrientationLandscapeRight UIInterfaceOrientationPortrait UIInterfaceOrientationPortraitUpsideDown";
				IPHONEOS_DEPLOYMENT_TARGET = 16.0;
				LD_RUNPATH_SEARCH_PATHS = (
					"$(inherited)",
					"@executable_path/Frameworks",
				);
				MARKETING_VERSION = 1.0;
				PRODUCT_BUNDLE_IDENTIFIER = "com.hgoo.ios-coin-pedia-swiftui";
				PRODUCT_NAME = "$(TARGET_NAME)";
				SUPPORTED_PLATFORMS = "iphoneos iphonesimulator";
				SUPPORTS_MACCATALYST = NO;
				SUPPORTS_MAC_DESIGNED_FOR_IPHONE_IPAD = NO;
				SUPPORTS_XR_DESIGNED_FOR_IPHONE_IPAD = NO;
				SWIFT_EMIT_LOC_STRINGS = YES;
				SWIFT_VERSION = 5.0;
				TARGETED_DEVICE_FAMILY = 1;
			};
			name = Release;
		};
		F86E41652DB4D40B00164422 /* Debug */ = {
			isa = XCBuildConfiguration;
			buildSettings = {
				BUNDLE_LOADER = "$(TEST_HOST)";
				CODE_SIGN_STYLE = Automatic;
				CURRENT_PROJECT_VERSION = 1;
				DEVELOPMENT_TEAM = PFCLKWG38B;
				GENERATE_INFOPLIST_FILE = YES;
				IPHONEOS_DEPLOYMENT_TARGET = 18.2;
				MARKETING_VERSION = 1.0;
				PRODUCT_BUNDLE_IDENTIFIER = "com.hgoo.ios-coin-pedia-swiftuiTests";
				PRODUCT_NAME = "$(TARGET_NAME)";
				SWIFT_EMIT_LOC_STRINGS = NO;
				SWIFT_VERSION = 5.0;
				TARGETED_DEVICE_FAMILY = "1,2";
				TEST_HOST = "$(BUILT_PRODUCTS_DIR)/ios-coin-pedia-swiftui.app/$(BUNDLE_EXECUTABLE_FOLDER_PATH)/ios-coin-pedia-swiftui";
			};
			name = Debug;
		};
		F86E41662DB4D40B00164422 /* Release */ = {
			isa = XCBuildConfiguration;
			buildSettings = {
				BUNDLE_LOADER = "$(TEST_HOST)";
				CODE_SIGN_STYLE = Automatic;
				CURRENT_PROJECT_VERSION = 1;
				DEVELOPMENT_TEAM = PFCLKWG38B;
				GENERATE_INFOPLIST_FILE = YES;
				IPHONEOS_DEPLOYMENT_TARGET = 18.2;
				MARKETING_VERSION = 1.0;
				PRODUCT_BUNDLE_IDENTIFIER = "com.hgoo.ios-coin-pedia-swiftuiTests";
				PRODUCT_NAME = "$(TARGET_NAME)";
				SWIFT_EMIT_LOC_STRINGS = NO;
				SWIFT_VERSION = 5.0;
				TARGETED_DEVICE_FAMILY = "1,2";
				TEST_HOST = "$(BUILT_PRODUCTS_DIR)/ios-coin-pedia-swiftui.app/$(BUNDLE_EXECUTABLE_FOLDER_PATH)/ios-coin-pedia-swiftui";
			};
			name = Release;
		};
		F86E41682DB4D40B00164422 /* Debug */ = {
			isa = XCBuildConfiguration;
			buildSettings = {
				CODE_SIGN_STYLE = Automatic;
				CURRENT_PROJECT_VERSION = 1;
				DEVELOPMENT_TEAM = PFCLKWG38B;
				GENERATE_INFOPLIST_FILE = YES;
				MARKETING_VERSION = 1.0;
				PRODUCT_BUNDLE_IDENTIFIER = "com.hgoo.ios-coin-pedia-swiftuiUITests";
				PRODUCT_NAME = "$(TARGET_NAME)";
				SWIFT_EMIT_LOC_STRINGS = NO;
				SWIFT_VERSION = 5.0;
				TARGETED_DEVICE_FAMILY = "1,2";
				TEST_TARGET_NAME = "ios-coin-pedia-swiftui";
			};
			name = Debug;
		};
		F86E41692DB4D40B00164422 /* Release */ = {
			isa = XCBuildConfiguration;
			buildSettings = {
				CODE_SIGN_STYLE = Automatic;
				CURRENT_PROJECT_VERSION = 1;
				DEVELOPMENT_TEAM = PFCLKWG38B;
				GENERATE_INFOPLIST_FILE = YES;
				MARKETING_VERSION = 1.0;
				PRODUCT_BUNDLE_IDENTIFIER = "com.hgoo.ios-coin-pedia-swiftuiUITests";
				PRODUCT_NAME = "$(TARGET_NAME)";
				SWIFT_EMIT_LOC_STRINGS = NO;
				SWIFT_VERSION = 5.0;
				TARGETED_DEVICE_FAMILY = "1,2";
				TEST_TARGET_NAME = "ios-coin-pedia-swiftui";
			};
			name = Release;
		};
/* End XCBuildConfiguration section */

/* Begin XCConfigurationList section */
		F86E41382DB4D40A00164422 /* Build configuration list for PBXProject "ios-coin-pedia-swiftui" */ = {
			isa = XCConfigurationList;
			buildConfigurations = (
				F86E415F2DB4D40B00164422 /* Debug */,
				F86E41602DB4D40B00164422 /* Release */,
			);
			defaultConfigurationIsVisible = 0;
			defaultConfigurationName = Release;
		};
		F86E41612DB4D40B00164422 /* Build configuration list for PBXNativeTarget "ios-coin-pedia-swiftui" */ = {
			isa = XCConfigurationList;
			buildConfigurations = (
				F86E41622DB4D40B00164422 /* Debug */,
				F86E41632DB4D40B00164422 /* Release */,
			);
			defaultConfigurationIsVisible = 0;
			defaultConfigurationName = Release;
		};
		F86E41642DB4D40B00164422 /* Build configuration list for PBXNativeTarget "ios-coin-pedia-swiftuiTests" */ = {
			isa = XCConfigurationList;
			buildConfigurations = (
				F86E41652DB4D40B00164422 /* Debug */,
				F86E41662DB4D40B00164422 /* Release */,
			);
			defaultConfigurationIsVisible = 0;
			defaultConfigurationName = Release;
		};
		F86E41672DB4D40B00164422 /* Build configuration list for PBXNativeTarget "ios-coin-pedia-swiftuiUITests" */ = {
			isa = XCConfigurationList;
			buildConfigurations = (
				F86E41682DB4D40B00164422 /* Debug */,
				F86E41692DB4D40B00164422 /* Release */,
			);
			defaultConfigurationIsVisible = 0;
			defaultConfigurationName = Release;
		};
/* End XCConfigurationList section */
	};
	rootObject = F86E41352DB4D40A00164422 /* Project object */;
}
